
Microsoft Visual Studio Solution File, Format Version 12.00
# Visual Studio Version 17
VisualStudioVersion = 17.5.33516.290
MinimumVisualStudioVersion = 10.0.40219.1
Project("{FAE04EC0-301F-11D3-BF4B-00C04F79EFBC}") = "EmployeeManagement_EF", "EmployeeManagement_EF\EmployeeManagement_EF.csproj", "{58A899D6-8927-4704-81A3-EAC5820C0F11}"
EndProject
Global
	GlobalSection(SolutionConfigurationPlatforms) = preSolution
		Debug|Any CPU = Debug|Any CPU
		Release|Any CPU = Release|Any CPU
	EndGlobalSection
	GlobalSection(ProjectConfigurationPlatforms) = postSolution
		{58A899D6-8927-4704-81A3-EAC5820C0F11}.Debug|Any CPU.ActiveCfg = Debug|Any CPU
		{58A899D6-8927-4704-81A3-EAC5820C0F11}.Debug|Any CPU.Build.0 = Debug|Any CPU
		{58A899D6-8927-4704-81A3-EAC5820C0F11}.Release|Any CPU.ActiveCfg = Release|Any CPU
		{58A899D6-8927-4704-81A3-EAC5820C0F11}.Release|Any CPU.Build.0 = Release|Any CPU
	EndGlobalSection
	GlobalSection(SolutionProperties) = preSolution
		HideSolutionNode = FALSE
	EndGlobalSection
	GlobalSection(ExtensibilityGlobals) = postSolution
		SolutionGuid = {EED01521-0201-486F-9F5D-C9AFE1460D5D}
	EndGlobalSection
EndGlobal
